
Microsoft Visual Studio Solution File, Format Version 12.00
# Visual Studio Version 17
VisualStudioVersion = 17.8.34601.278
MinimumVisualStudioVersion = 10.0.40219.1
Project("{FAE04EC0-301F-11D3-BF4B-00C04F79EFBC}") = "SushiStore.UnitTests", "SushiStore.UnitTests\SushiStore.UnitTests.csproj", "{DACDF0D7-A371-4A47-A70A-9B579E4D20C6}"
EndProject
Project("{FAE04EC0-301F-11D3-BF4B-00C04F79EFBC}") = "SushiStore.Domain", "SushiStore.Domain\SushiStore.Domain.csproj", "{1F6BF7B6-6C57-47F5-9394-1BEF56D6EC65}"
EndProject
Global
	GlobalSection(SolutionConfigurationPlatforms) = preSolution
		Debug|Any CPU = Debug|Any CPU
		Release|Any CPU = Release|Any CPU
	EndGlobalSection
	GlobalSection(ProjectConfigurationPlatforms) = postSolution
		{DACDF0D7-A371-4A47-A70A-9B579E4D20C6}.Debug|Any CPU.ActiveCfg = Debug|Any CPU
		{DACDF0D7-A371-4A47-A70A-9B579E4D20C6}.Debug|Any CPU.Build.0 = Debug|Any CPU
		{DACDF0D7-A371-4A47-A70A-9B579E4D20C6}.Release|Any CPU.ActiveCfg = Release|Any CPU
		{DACDF0D7-A371-4A47-A70A-9B579E4D20C6}.Release|Any CPU.Build.0 = Release|Any CPU
		{1F6BF7B6-6C57-47F5-9394-1BEF56D6EC65}.Debug|Any CPU.ActiveCfg = Debug|Any CPU
		{1F6BF7B6-6C57-47F5-9394-1BEF56D6EC65}.Debug|Any CPU.Build.0 = Debug|Any CPU
		{1F6BF7B6-6C57-47F5-9394-1BEF56D6EC65}.Release|Any CPU.ActiveCfg = Release|Any CPU
		{1F6BF7B6-6C57-47F5-9394-1BEF56D6EC65}.Release|Any CPU.Build.0 = Release|Any CPU
	EndGlobalSection
	GlobalSection(SolutionProperties) = preSolution
		HideSolutionNode = FALSE
	EndGlobalSection
	GlobalSection(ExtensibilityGlobals) = postSolution
		SolutionGuid = {D259FEC5-FB35-4C54-8010-EEDDD02B4AE4}
	EndGlobalSection
EndGlobal
