
Microsoft Visual Studio Solution File, Format Version 12.00
# Visual Studio Version 17
VisualStudioVersion = 17.6.33815.320
MinimumVisualStudioVersion = 10.0.40219.1
Project("{FAE04EC0-301F-11D3-BF4B-00C04F79EFBC}") = "Domain", "..\Domain\Domain.csproj", "{37A49BED-E9AA-48CB-BF04-EB88BE32D03D}"
EndProject
Project("{FAE04EC0-301F-11D3-BF4B-00C04F79EFBC}") = "WebUI", "..\WebUI\WebUI.csproj", "{507BB204-23FA-4166-8882-BB795056EBDA}"
EndProject
Project("{FAE04EC0-301F-11D3-BF4B-00C04F79EFBC}") = "UnitTests", "..\UnitTests\UnitTests.csproj", "{917DA6A5-FC8E-406D-AB00-43F9A4B2CB21}"
EndProject
Global
	GlobalSection(SolutionConfigurationPlatforms) = preSolution
		Debug|Any CPU = Debug|Any CPU
		Release|Any CPU = Release|Any CPU
	EndGlobalSection
	GlobalSection(ProjectConfigurationPlatforms) = postSolution
		{37A49BED-E9AA-48CB-BF04-EB88BE32D03D}.Debug|Any CPU.ActiveCfg = Debug|Any CPU
		{37A49BED-E9AA-48CB-BF04-EB88BE32D03D}.Debug|Any CPU.Build.0 = Debug|Any CPU
		{37A49BED-E9AA-48CB-BF04-EB88BE32D03D}.Release|Any CPU.ActiveCfg = Release|Any CPU
		{37A49BED-E9AA-48CB-BF04-EB88BE32D03D}.Release|Any CPU.Build.0 = Release|Any CPU
		{507BB204-23FA-4166-8882-BB795056EBDA}.Debug|Any CPU.ActiveCfg = Debug|Any CPU
		{507BB204-23FA-4166-8882-BB795056EBDA}.Debug|Any CPU.Build.0 = Debug|Any CPU
		{507BB204-23FA-4166-8882-BB795056EBDA}.Release|Any CPU.ActiveCfg = Release|Any CPU
		{507BB204-23FA-4166-8882-BB795056EBDA}.Release|Any CPU.Build.0 = Release|Any CPU
		{917DA6A5-FC8E-406D-AB00-43F9A4B2CB21}.Debug|Any CPU.ActiveCfg = Debug|Any CPU
		{917DA6A5-FC8E-406D-AB00-43F9A4B2CB21}.Debug|Any CPU.Build.0 = Debug|Any CPU
		{917DA6A5-FC8E-406D-AB00-43F9A4B2CB21}.Release|Any CPU.ActiveCfg = Release|Any CPU
		{917DA6A5-FC8E-406D-AB00-43F9A4B2CB21}.Release|Any CPU.Build.0 = Release|Any CPU
	EndGlobalSection
	GlobalSection(SolutionProperties) = preSolution
		HideSolutionNode = FALSE
	EndGlobalSection
	GlobalSection(ExtensibilityGlobals) = postSolution
		SolutionGuid = {7621C7F9-8414-470F-A5E4-04549B9C8CB6}
	EndGlobalSection
EndGlobal
